
Microsoft Visual Studio Solution File, Format Version 12.00
# Visual Studio Version 16
VisualStudioVersion = 16.0.31005.135
MinimumVisualStudioVersion = 10.0.40219.1
Project("{FAE04EC0-301F-11D3-BF4B-00C04F79EFBC}") = "Geovi.Android", "Geovi\Geovi.Android\Geovi.Android.csproj", "{25FBD641-0516-4F9C-A7CE-9FFEC6B306B8}"
EndProject
Project("{FAE04EC0-301F-11D3-BF4B-00C04F79EFBC}") = "Geovi.iOS", "Geovi\Geovi.iOS\Geovi.iOS.csproj", "{65292A6D-A64B-429C-A383-2B1CC4AC3478}"
EndProject
Project("{9A19103F-16F7-4668-BE54-9A1E7A4F7556}") = "Geovi", "Geovi\Geovi\Geovi.csproj", "{A398DA0F-8366-43ED-8FEB-ABE18417F245}"
EndProject
Project("{9A19103F-16F7-4668-BE54-9A1E7A4F7556}") = "Geovi.Net", "Geovi.Net\Geovi.Net.csproj", "{EDE80104-F36C-411F-B1B3-FE19952F68FF}"
EndProject
Global
	GlobalSection(SolutionConfigurationPlatforms) = preSolution
		Debug|Any CPU = Debug|Any CPU
		Debug|iPhone = Debug|iPhone
		Debug|iPhoneSimulator = Debug|iPhoneSimulator
		Release|Any CPU = Release|Any CPU
		Release|iPhone = Release|iPhone
		Release|iPhoneSimulator = Release|iPhoneSimulator
	EndGlobalSection
	GlobalSection(ProjectConfigurationPlatforms) = postSolution
		{25FBD641-0516-4F9C-A7CE-9FFEC6B306B8}.Debug|Any CPU.ActiveCfg = Debug|Any CPU
		{25FBD641-0516-4F9C-A7CE-9FFEC6B306B8}.Debug|Any CPU.Build.0 = Debug|Any CPU
		{25FBD641-0516-4F9C-A7CE-9FFEC6B306B8}.Debug|Any CPU.Deploy.0 = Debug|Any CPU
		{25FBD641-0516-4F9C-A7CE-9FFEC6B306B8}.Debug|iPhone.ActiveCfg = Debug|Any CPU
		{25FBD641-0516-4F9C-A7CE-9FFEC6B306B8}.Debug|iPhone.Build.0 = Debug|Any CPU
		{25FBD641-0516-4F9C-A7CE-9FFEC6B306B8}.Debug|iPhone.Deploy.0 = Debug|Any CPU
		{25FBD641-0516-4F9C-A7CE-9FFEC6B306B8}.Debug|iPhoneSimulator.ActiveCfg = Debug|Any CPU
		{25FBD641-0516-4F9C-A7CE-9FFEC6B306B8}.Debug|iPhoneSimulator.Build.0 = Debug|Any CPU
		{25FBD641-0516-4F9C-A7CE-9FFEC6B306B8}.Debug|iPhoneSimulator.Deploy.0 = Debug|Any CPU
		{25FBD641-0516-4F9C-A7CE-9FFEC6B306B8}.Release|Any CPU.ActiveCfg = Release|Any CPU
		{25FBD641-0516-4F9C-A7CE-9FFEC6B306B8}.Release|Any CPU.Build.0 = Release|Any CPU
		{25FBD641-0516-4F9C-A7CE-9FFEC6B306B8}.Release|Any CPU.Deploy.0 = Release|Any CPU
		{25FBD641-0516-4F9C-A7CE-9FFEC6B306B8}.Release|iPhone.ActiveCfg = Release|Any CPU
		{25FBD641-0516-4F9C-A7CE-9FFEC6B306B8}.Release|iPhone.Build.0 = Release|Any CPU
		{25FBD641-0516-4F9C-A7CE-9FFEC6B306B8}.Release|iPhone.Deploy.0 = Release|Any CPU
		{25FBD641-0516-4F9C-A7CE-9FFEC6B306B8}.Release|iPhoneSimulator.ActiveCfg = Release|Any CPU
		{25FBD641-0516-4F9C-A7CE-9FFEC6B306B8}.Release|iPhoneSimulator.Build.0 = Release|Any CPU
		{25FBD641-0516-4F9C-A7CE-9FFEC6B306B8}.Release|iPhoneSimulator.Deploy.0 = Release|Any CPU
		{65292A6D-A64B-429C-A383-2B1CC4AC3478}.Debug|Any CPU.ActiveCfg = Debug|iPhone
		{65292A6D-A64B-429C-A383-2B1CC4AC3478}.Debug|Any CPU.Build.0 = Debug|iPhone
		{65292A6D-A64B-429C-A383-2B1CC4AC3478}.Debug|Any CPU.Deploy.0 = Debug|iPhone
		{65292A6D-A64B-429C-A383-2B1CC4AC3478}.Debug|iPhone.ActiveCfg = Debug|iPhone
		{65292A6D-A64B-429C-A383-2B1CC4AC3478}.Debug|iPhone.Build.0 = Debug|iPhone
		{65292A6D-A64B-429C-A383-2B1CC4AC3478}.Debug|iPhone.Deploy.0 = Debug|iPhone
		{65292A6D-A64B-429C-A383-2B1CC4AC3478}.Debug|iPhoneSimulator.ActiveCfg = Debug|iPhoneSimulator
		{65292A6D-A64B-429C-A383-2B1CC4AC3478}.Debug|iPhoneSimulator.Build.0 = Debug|iPhoneSimulator
		{65292A6D-A64B-429C-A383-2B1CC4AC3478}.Debug|iPhoneSimulator.Deploy.0 = Debug|iPhoneSimulator
		{65292A6D-A64B-429C-A383-2B1CC4AC3478}.Release|Any CPU.ActiveCfg = Release|iPhoneSimulator
		{65292A6D-A64B-429C-A383-2B1CC4AC3478}.Release|Any CPU.Build.0 = Release|iPhoneSimulator
		{65292A6D-A64B-429C-A383-2B1CC4AC3478}.Release|Any CPU.Deploy.0 = Release|iPhoneSimulator
		{65292A6D-A64B-429C-A383-2B1CC4AC3478}.Release|iPhone.ActiveCfg = Release|iPhone
		{65292A6D-A64B-429C-A383-2B1CC4AC3478}.Release|iPhone.Build.0 = Release|iPhone
		{65292A6D-A64B-429C-A383-2B1CC4AC3478}.Release|iPhone.Deploy.0 = Release|iPhone
		{65292A6D-A64B-429C-A383-2B1CC4AC3478}.Release|iPhoneSimulator.ActiveCfg = Release|iPhoneSimulator
		{65292A6D-A64B-429C-A383-2B1CC4AC3478}.Release|iPhoneSimulator.Build.0 = Release|iPhoneSimulator
		{65292A6D-A64B-429C-A383-2B1CC4AC3478}.Release|iPhoneSimulator.Deploy.0 = Release|iPhoneSimulator
		{A398DA0F-8366-43ED-8FEB-ABE18417F245}.Debug|Any CPU.ActiveCfg = Debug|Any CPU
		{A398DA0F-8366-43ED-8FEB-ABE18417F245}.Debug|Any CPU.Build.0 = Debug|Any CPU
		{A398DA0F-8366-43ED-8FEB-ABE18417F245}.Debug|Any CPU.Deploy.0 = Debug|Any CPU
		{A398DA0F-8366-43ED-8FEB-ABE18417F245}.Debug|iPhone.ActiveCfg = Debug|Any CPU
		{A398DA0F-8366-43ED-8FEB-ABE18417F245}.Debug|iPhone.Build.0 = Debug|Any CPU
		{A398DA0F-8366-43ED-8FEB-ABE18417F245}.Debug|iPhone.Deploy.0 = Debug|Any CPU
		{A398DA0F-8366-43ED-8FEB-ABE18417F245}.Debug|iPhoneSimulator.ActiveCfg = Debug|Any CPU
		{A398DA0F-8366-43ED-8FEB-ABE18417F245}.Debug|iPhoneSimulator.Build.0 = Debug|Any CPU
		{A398DA0F-8366-43ED-8FEB-ABE18417F245}.Debug|iPhoneSimulator.Deploy.0 = Debug|Any CPU
		{A398DA0F-8366-43ED-8FEB-ABE18417F245}.Release|Any CPU.ActiveCfg = Release|Any CPU
		{A398DA0F-8366-43ED-8FEB-ABE18417F245}.Release|Any CPU.Build.0 = Release|Any CPU
		{A398DA0F-8366-43ED-8FEB-ABE18417F245}.Release|Any CPU.Deploy.0 = Release|Any CPU
		{A398DA0F-8366-43ED-8FEB-ABE18417F245}.Release|iPhone.ActiveCfg = Release|Any CPU
		{A398DA0F-8366-43ED-8FEB-ABE18417F245}.Release|iPhone.Build.0 = Release|Any CPU
		{A398DA0F-8366-43ED-8FEB-ABE18417F245}.Release|iPhone.Deploy.0 = Release|Any CPU
		{A398DA0F-8366-43ED-8FEB-ABE18417F245}.Release|iPhoneSimulator.ActiveCfg = Release|Any CPU
		{A398DA0F-8366-43ED-8FEB-ABE18417F245}.Release|iPhoneSimulator.Build.0 = Release|Any CPU
		{A398DA0F-8366-43ED-8FEB-ABE18417F245}.Release|iPhoneSimulator.Deploy.0 = Release|Any CPU
		{EDE80104-F36C-411F-B1B3-FE19952F68FF}.Debug|Any CPU.ActiveCfg = Debug|Any CPU
		{EDE80104-F36C-411F-B1B3-FE19952F68FF}.Debug|Any CPU.Build.0 = Debug|Any CPU
		{EDE80104-F36C-411F-B1B3-FE19952F68FF}.Debug|iPhone.ActiveCfg = Debug|Any CPU
		{EDE80104-F36C-411F-B1B3-FE19952F68FF}.Debug|iPhone.Build.0 = Debug|Any CPU
		{EDE80104-F36C-411F-B1B3-FE19952F68FF}.Debug|iPhoneSimulator.ActiveCfg = Debug|Any CPU
		{EDE80104-F36C-411F-B1B3-FE19952F68FF}.Debug|iPhoneSimulator.Build.0 = Debug|Any CPU
		{EDE80104-F36C-411F-B1B3-FE19952F68FF}.Release|Any CPU.ActiveCfg = Release|Any CPU
		{EDE80104-F36C-411F-B1B3-FE19952F68FF}.Release|Any CPU.Build.0 = Release|Any CPU
		{EDE80104-F36C-411F-B1B3-FE19952F68FF}.Release|iPhone.ActiveCfg = Release|Any CPU
		{EDE80104-F36C-411F-B1B3-FE19952F68FF}.Release|iPhone.Build.0 = Release|Any CPU
		{EDE80104-F36C-411F-B1B3-FE19952F68FF}.Release|iPhoneSimulator.ActiveCfg = Release|Any CPU
		{EDE80104-F36C-411F-B1B3-FE19952F68FF}.Release|iPhoneSimulator.Build.0 = Release|Any CPU
	EndGlobalSection
	GlobalSection(SolutionProperties) = preSolution
		HideSolutionNode = FALSE
	EndGlobalSection
	GlobalSection(ExtensibilityGlobals) = postSolution
		SolutionGuid = {EFBBB808-5EF7-4568-9FB9-F8D22772F62F}
	EndGlobalSection
EndGlobal
